<?xml version="1.0" encoding="utf-8"?>
<Project ToolsVersion="4.0" xmlns="http://schemas.microsoft.com/developer/msbuild/2003">
  <ItemGroup>
    <Filter Include="源文件">
      <UniqueIdentifier>{4FC737F1-C7A5-4376-A066-2A32D752A2FF}</UniqueIdentifier>
      <Extensions>cpp;c;cc;cxx;c++;cppm;ixx;def;odl;idl;hpj;bat;asm;asmx</Extensions>
    </Filter>
    <Filter Include="头文件">
      <UniqueIdentifier>{93995380-89BD-4b04-88EB-625FBE52EBFB}</UniqueIdentifier>
      <Extensions>h;hh;hpp;hxx;h++;hm;inl;inc;ipp;xsd</Extensions>
    </Filter>
    <Filter Include="资源文件">
      <UniqueIdentifier>{67DA6AB6-F800-4c08-8B7A-83BB121AAD01}</UniqueIdentifier>
      <Extensions>rc;ico;cur;bmp;dlg;rc2;rct;bin;rgs;gif;jpg;jpeg;jpe;resx;tiff;tif;png;wav;mfcribbon-ms</Extensions>
    </Filter>
    <Filter Include="源文件\Caption1">
      <UniqueIdentifier>{09dac931-7f3c-4e92-9d35-e8e9d3f16dcc}</UniqueIdentifier>
    </Filter>
    <Filter Include="头文件\Caption1">
      <UniqueIdentifier>{bfa34353-47b7-46e0-a8bc-03b501718f3b}</UniqueIdentifier>
    </Filter>
    <Filter Include="头文件\Caption2">
      <UniqueIdentifier>{7198f55d-2d46-4e69-bdd3-948eb8708837}</UniqueIdentifier>
    </Filter>
    <Filter Include="源文件\Caption2">
      <UniqueIdentifier>{06c9ec0d-33a0-4a0b-bf61-10c0d443cd32}</UniqueIdentifier>
    </Filter>
    <Filter Include="头文件\Caption3">
      <UniqueIdentifier>{f0b7e5ac-4f06-4220-8a6b-f052828a99a8}</UniqueIdentifier>
    </Filter>
    <Filter Include="源文件\Caption3">
      <UniqueIdentifier>{9c1a0dcc-5cb2-4c9f-a5f0-357fd602c3c4}</UniqueIdentifier>
    </Filter>
  </ItemGroup>
  <ItemGroup>
    <ClCompile Include="main.cpp">
      <Filter>源文件</Filter>
    </ClCompile>
    <ClCompile Include="Sample1_1.cpp">
      <Filter>源文件\Caption1</Filter>
    </ClCompile>
    <ClCompile Include="Sample1_2.cpp">
      <Filter>源文件\Caption1</Filter>
    </ClCompile>
    <ClCompile Include="Sample1_3.cpp">
      <Filter>源文件\Caption1</Filter>
    </ClCompile>
    <ClCompile Include="Sample1_4.cpp">
      <Filter>源文件\Caption1</Filter>
    </ClCompile>
    <ClCompile Include="Sample1_5.cpp">
      <Filter>源文件\Caption1</Filter>
    </ClCompile>
    <ClCompile Include="Sample1_5.h">
      <Filter>头文件\Caption1</Filter>
    </ClCompile>
    <ClCompile Include="Sample1_6.cpp">
      <Filter>源文件\Caption1</Filter>
    </ClCompile>
    <ClCompile Include="Sample1_7.cpp">
      <Filter>源文件\Caption1</Filter>
    </ClCompile>
    <ClCompile Include="Sample1_8.cpp">
      <Filter>源文件\Caption1</Filter>
    </ClCompile>
    <ClCompile Include="Sample1_9.cpp">
      <Filter>源文件\Caption1</Filter>
    </ClCompile>
    <ClCompile Include="Sample1_10.cpp">
      <Filter>源文件\Caption1</Filter>
    </ClCompile>
    <ClCompile Include="Sample1_11.cpp">
      <Filter>源文件\Caption1</Filter>
    </ClCompile>
    <ClCompile Include="Sample1_12.cpp">
      <Filter>源文件\Caption1</Filter>
    </ClCompile>
    <ClCompile Include="Sample2_1.cpp">
      <Filter>源文件\Caption2</Filter>
    </ClCompile>
    <ClCompile Include="Sample2_2.cpp">
      <Filter>源文件\Caption2</Filter>
    </ClCompile>
    <ClCompile Include="Sample2_3.cpp">
      <Filter>源文件\Caption2</Filter>
    </ClCompile>
    <ClCompile Include="Sample2_4.cpp">
      <Filter>源文件\Caption2</Filter>
    </ClCompile>
    <ClCompile Include="Sample2_8.cpp">
      <Filter>源文件\Caption2</Filter>
    </ClCompile>
    <ClCompile Include="Sample2_9.cpp">
      <Filter>源文件\Caption2</Filter>
    </ClCompile>
    <ClCompile Include="Sample2_10.cpp">
      <Filter>源文件\Caption2</Filter>
    </ClCompile>
    <ClCompile Include="Sample2_11.cpp">
      <Filter>源文件\Caption2</Filter>
    </ClCompile>
    <ClCompile Include="Sample2_12.cpp">
      <Filter>源文件\Caption2</Filter>
    </ClCompile>
    <ClCompile Include="Sample2_13.cpp">
      <Filter>源文件\Caption2</Filter>
    </ClCompile>
    <ClCompile Include="Sample3_1.cpp">
      <Filter>源文件\Caption3</Filter>
    </ClCompile>
    <ClCompile Include="Sample3_2.h">
      <Filter>头文件\Caption3</Filter>
    </ClCompile>
    <ClCompile Include="Sample3_2.cpp">
      <Filter>源文件\Caption3</Filter>
    </ClCompile>
    <ClCompile Include="Sample3_3.cpp">
      <Filter>源文件\Caption3</Filter>
    </ClCompile>
    <ClCompile Include="Sample3_4.h">
      <Filter>头文件\Caption3</Filter>
    </ClCompile>
    <ClCompile Include="Sample3_4.cpp">
      <Filter>源文件\Caption3</Filter>
    </ClCompile>
    <ClCompile Include="Sample3_5.cpp">
      <Filter>源文件\Caption3</Filter>
    </ClCompile>
    <ClCompile Include="Sample3_6.cpp">
      <Filter>源文件\Caption3</Filter>
    </ClCompile>
    <ClCompile Include="Sample3_7.cpp">
      <Filter>源文件\Caption3</Filter>
    </ClCompile>
    <ClCompile Include="Sample3_8.cpp">
      <Filter>源文件\Caption3</Filter>
    </ClCompile>
    <ClCompile Include="Sample3_9.cpp">
      <Filter>源文件\Caption3</Filter>
    </ClCompile>
  </ItemGroup>
  <ItemGroup>
    <ClInclude Include="Sample1_1.h">
      <Filter>头文件\Caption1</Filter>
    </ClInclude>
    <ClInclude Include="Sample1_2.h">
      <Filter>头文件\Caption1</Filter>
    </ClInclude>
    <ClInclude Include="Sample1_3.h">
      <Filter>头文件\Caption1</Filter>
    </ClInclude>
    <ClInclude Include="Sample1_4.h">
      <Filter>头文件\Caption1</Filter>
    </ClInclude>
    <ClInclude Include="Sample1_6.h">
      <Filter>头文件\Caption1</Filter>
    </ClInclude>
    <ClInclude Include="Sample1_7.h">
      <Filter>头文件\Caption1</Filter>
    </ClInclude>
    <ClInclude Include="Sample1_8.h">
      <Filter>头文件\Caption1</Filter>
    </ClInclude>
    <ClInclude Include="Sample1_9.h">
      <Filter>头文件\Caption1</Filter>
    </ClInclude>
    <ClInclude Include="Sample1_10.h">
      <Filter>头文件\Caption1</Filter>
    </ClInclude>
    <ClInclude Include="Sample1_11.h">
      <Filter>头文件\Caption1</Filter>
    </ClInclude>
    <ClInclude Include="Sample1_12.h">
      <Filter>头文件\Caption1</Filter>
    </ClInclude>
    <ClInclude Include="Sample2_1.h">
      <Filter>头文件\Caption2</Filter>
    </ClInclude>
    <ClInclude Include="Sample2_2.h">
      <Filter>头文件\Caption2</Filter>
    </ClInclude>
    <ClInclude Include="Sample2_3.h">
      <Filter>头文件\Caption2</Filter>
    </ClInclude>
    <ClInclude Include="Sample2_4.h">
      <Filter>头文件\Caption2</Filter>
    </ClInclude>
    <ClInclude Include="Sample2_8.h">
      <Filter>头文件\Caption2</Filter>
    </ClInclude>
    <ClInclude Include="Sample2_9.h">
      <Filter>头文件\Caption2</Filter>
    </ClInclude>
    <ClInclude Include="Sample2_10.h">
      <Filter>头文件\Caption2</Filter>
    </ClInclude>
    <ClInclude Include="Sample2_11.h">
      <Filter>头文件\Caption2</Filter>
    </ClInclude>
    <ClInclude Include="Sample2_12.h">
      <Filter>头文件\Caption2</Filter>
    </ClInclude>
    <ClInclude Include="Sample2_13.h">
      <Filter>头文件\Caption2</Filter>
    </ClInclude>
    <ClInclude Include="Sample3_1.h">
      <Filter>头文件\Caption3</Filter>
    </ClInclude>
    <ClInclude Include="Sample3_3.h">
      <Filter>头文件\Caption3</Filter>
    </ClInclude>
    <ClInclude Include="Sample3_5.h">
      <Filter>头文件\Caption3</Filter>
    </ClInclude>
    <ClInclude Include="Sample3_6.h">
      <Filter>头文件\Caption3</Filter>
    </ClInclude>
    <ClInclude Include="Sample3_7.h">
      <Filter>头文件\Caption3</Filter>
    </ClInclude>
    <ClInclude Include="Sample3_8.h">
      <Filter>头文件\Caption3</Filter>
    </ClInclude>
    <ClInclude Include="Sample3_9.h">
      <Filter>头文件\Caption3</Filter>
    </ClInclude>
  </ItemGroup>
</Project>